{
  "pins" : [
    {
      "identity" : "actito-sdk-ios-in-house-releases",
      "kind" : "remoteSourceControl",
      "location" : "https://github.com/actito/actito-sdk-ios-in-house-releases",
      "state" : {
        "revision" : "6f31f47f86f20ec11616f10f9cd543b9cdc5df45",
        "version" : "5.0.0-canary.5"
      }
    }
  ],
  "version" : 2
}
