PODS:
  - Actito/ActitoAssetsKit (4.0.0-canary.1):
    - Actito/ActitoUtilitiesKit
  - Actito/ActitoGeoKit (4.0.0-canary.1):
    - Actito/ActitoUtilitiesKit
  - Actito/ActitoInAppMessagingKit (4.0.0-canary.1):
    - Actito/ActitoUtilitiesKit
  - Actito/ActitoInboxKit (4.0.0-canary.1):
    - Actito/ActitoUtilitiesKit
  - Actito/ActitoKit (4.0.0-canary.1):
    - Actito/ActitoUtilitiesKit
  - Actito/ActitoLoyaltyKit (4.0.0-canary.1):
    - Actito/ActitoUtilitiesKit
  - Actito/ActitoNotificationServiceExtensionKit (4.0.0-canary.1)
  - Actito/ActitoPushKit (4.0.0-canary.1):
    - Actito/ActitoUtilitiesKit
  - Actito/ActitoPushUIKit (4.0.0-canary.1):
    - Actito/ActitoUtilitiesKit
  - Actito/ActitoScannablesKit (4.0.0-canary.1):
    - Actito/ActitoUtilitiesKit
  - Actito/ActitoUserInboxKit (4.0.0-canary.1):
    - Actito/ActitoUtilitiesKit
  - Actito/ActitoUtilitiesKit (4.0.0-canary.1)
  - actito_assets (4.0.0):
    - Actito/ActitoAssetsKit (= 4.0.0-canary.1)
    - Actito/ActitoKit (= 4.0.0-canary.1)
    - Flutter
  - actito_flutter (4.0.0):
    - Actito/ActitoKit (= 4.0.0-canary.1)
    - Flutter
  - actito_geo (4.0.0):
    - Actito/ActitoGeoKit (= 4.0.0-canary.1)
    - Actito/ActitoKit (= 4.0.0-canary.1)
    - Flutter
  - actito_in_app_messaging (4.0.0):
    - Actito/ActitoInAppMessagingKit (= 4.0.0-canary.1)
    - Actito/ActitoKit (= 4.0.0-canary.1)
    - Flutter
  - actito_inbox (4.0.0):
    - Actito/ActitoInboxKit (= 4.0.0-canary.1)
    - Actito/ActitoKit (= 4.0.0-canary.1)
    - Flutter
  - actito_loyalty (4.0.0):
    - Actito/ActitoKit (= 4.0.0-canary.1)
    - Actito/ActitoLoyaltyKit (= 4.0.0-canary.1)
    - Flutter
  - actito_push (4.0.0):
    - Actito/ActitoKit (= 4.0.0-canary.1)
    - Actito/ActitoPushKit (= 4.0.0-canary.1)
    - Flutter
  - actito_push_ui (4.0.0):
    - Actito/ActitoKit (= 4.0.0-canary.1)
    - Actito/ActitoPushUIKit (= 4.0.0-canary.1)
    - Flutter
  - actito_scannables (4.0.0):
    - Actito/ActitoKit (= 4.0.0-canary.1)
    - Actito/ActitoScannablesKit (= 4.0.0-canary.1)
    - Flutter
  - actito_user_inbox (4.0.0):
    - Actito/ActitoKit (= 4.0.0-canary.1)
    - Actito/ActitoUserInboxKit (= 4.0.0-canary.1)
    - Flutter
  - Flutter (1.0.0)
  - permission_handler_apple (9.1.1):
    - Flutter

DEPENDENCIES:
  - Actito/ActitoNotificationServiceExtensionKit (= 4.0.0-canary.1)
  - actito_assets (from `.symlinks/plugins/actito_assets/ios`)
  - actito_flutter (from `.symlinks/plugins/actito_flutter/ios`)
  - actito_geo (from `.symlinks/plugins/actito_geo/ios`)
  - actito_in_app_messaging (from `.symlinks/plugins/actito_in_app_messaging/ios`)
  - actito_inbox (from `.symlinks/plugins/actito_inbox/ios`)
  - actito_loyalty (from `.symlinks/plugins/actito_loyalty/ios`)
  - actito_push (from `.symlinks/plugins/actito_push/ios`)
  - actito_push_ui (from `.symlinks/plugins/actito_push_ui/ios`)
  - actito_scannables (from `.symlinks/plugins/actito_scannables/ios`)
  - actito_user_inbox (from `.symlinks/plugins/actito_user_inbox/ios`)
  - Flutter (from `Flutter`)
  - permission_handler_apple (from `.symlinks/plugins/permission_handler_apple/ios`)

SPEC REPOS:
  "git@github.com:actito/actito-cocoapods-specs.git":
    - Actito

EXTERNAL SOURCES:
  actito_assets:
    :path: ".symlinks/plugins/actito_assets/ios"
  actito_flutter:
    :path: ".symlinks/plugins/actito_flutter/ios"
  actito_geo:
    :path: ".symlinks/plugins/actito_geo/ios"
  actito_in_app_messaging:
    :path: ".symlinks/plugins/actito_in_app_messaging/ios"
  actito_inbox:
    :path: ".symlinks/plugins/actito_inbox/ios"
  actito_loyalty:
    :path: ".symlinks/plugins/actito_loyalty/ios"
  actito_push:
    :path: ".symlinks/plugins/actito_push/ios"
  actito_push_ui:
    :path: ".symlinks/plugins/actito_push_ui/ios"
  actito_scannables:
    :path: ".symlinks/plugins/actito_scannables/ios"
  actito_user_inbox:
    :path: ".symlinks/plugins/actito_user_inbox/ios"
  Flutter:
    :path: Flutter
  permission_handler_apple:
    :path: ".symlinks/plugins/permission_handler_apple/ios"

SPEC CHECKSUMS:
  Actito: da1df1cf06c593fe02b65b1e2500c7095a809819
  actito_assets: 56b5bc045de8c08a0abff6ad56383aacae05d657
  actito_flutter: bbea24b85e7f0a90a8aad086f1e27ed687303962
  actito_geo: f47ead89c505c18471469625168df7b8f1015fc2
  actito_in_app_messaging: 034692eb9efcadf5b36dc5791f090df2b112a5bd
  actito_inbox: ad820374a4d5db905776d9487e6fbbfb0665109d
  actito_loyalty: f04b01871b9509c0fc32bbf3cb9112914d03cb25
  actito_push: 29f4877aa43a4b61ada9574041783e02d63124de
  actito_push_ui: dcdcab7b27a83d767e757eb11d705fd700626082
  actito_scannables: fbb7c74fc9525e739f0c55094cd46828fa3b1bcd
  actito_user_inbox: 88adda79738a350cf0381f5113fe201a4291a75d
  Flutter: e0871f40cf51350855a761d2e70bf5af5b9b5de7
  permission_handler_apple: e76247795d700c14ea09e3a2d8855d41ee80a2e6

PODFILE CHECKSUM: 4f59b172eddefd1de702aa59fcf030c13e2596b0

COCOAPODS: 1.16.1
