PODS:
  - Actito/ActitoKit (5.0.0-canary.1):
    - Actito/ActitoUtilitiesKit
  - Actito/ActitoNotificationServiceExtensionKit (5.0.0-canary.1)
  - Actito/ActitoPushKit (5.0.0-canary.1):
    - Actito/ActitoUtilitiesKit
  - Actito/ActitoPushUIKit (5.0.0-canary.1):
    - Actito/ActitoUtilitiesKit
  - Actito/ActitoUserInboxKit (5.0.0-canary.1):
    - Actito/ActitoUtilitiesKit
  - Actito/ActitoUtilitiesKit (5.0.0-canary.1)
  - actito_flutter (4.0.0):
    - Actito/ActitoKit (= 5.0.0-canary.1)
    - Flutter
  - actito_push (4.0.0):
    - Actito/ActitoKit (= 5.0.0-canary.1)
    - Actito/ActitoPushKit (= 5.0.0-canary.1)
    - Flutter
  - actito_push_ui (4.0.0):
    - Actito/ActitoKit (= 5.0.0-canary.1)
    - Actito/ActitoPushUIKit (= 5.0.0-canary.1)
    - Flutter
  - actito_user_inbox (4.0.0):
    - Actito/ActitoKit (= 5.0.0-canary.1)
    - Actito/ActitoUserInboxKit (= 5.0.0-canary.1)
    - Flutter
  - Auth0 (2.7.2):
    - JWTDecode (~> 3.1)
    - SimpleKeychain (~> 1.1)
  - auth0_flutter (1.7.2):
    - Auth0 (= 2.7.2)
    - Flutter
    - FlutterMacOS
    - JWTDecode (= 3.1.0)
    - SimpleKeychain (= 1.1.0)
  - Flutter (1.0.0)
  - JWTDecode (3.1.0)
  - permission_handler_apple (9.3.0):
    - Flutter
  - SimpleKeychain (1.1.0)

DEPENDENCIES:
  - Actito/ActitoNotificationServiceExtensionKit (= 5.0.0-canary.1)
  - actito_flutter (from `.symlinks/plugins/actito_flutter/ios`)
  - actito_push (from `.symlinks/plugins/actito_push/ios`)
  - actito_push_ui (from `.symlinks/plugins/actito_push_ui/ios`)
  - actito_user_inbox (from `.symlinks/plugins/actito_user_inbox/ios`)
  - auth0_flutter (from `.symlinks/plugins/auth0_flutter/darwin`)
  - Flutter (from `Flutter`)
  - permission_handler_apple (from `.symlinks/plugins/permission_handler_apple/ios`)

SPEC REPOS:
  "git@github.com:actito/actito-cocoapods-specs.git":
    - Actito
  trunk:
    - Auth0
    - JWTDecode
    - SimpleKeychain

EXTERNAL SOURCES:
  actito_flutter:
    :path: ".symlinks/plugins/actito_flutter/ios"
  actito_push:
    :path: ".symlinks/plugins/actito_push/ios"
  actito_push_ui:
    :path: ".symlinks/plugins/actito_push_ui/ios"
  actito_user_inbox:
    :path: ".symlinks/plugins/actito_user_inbox/ios"
  auth0_flutter:
    :path: ".symlinks/plugins/auth0_flutter/darwin"
  Flutter:
    :path: Flutter
  permission_handler_apple:
    :path: ".symlinks/plugins/permission_handler_apple/ios"

SPEC CHECKSUMS:
  Actito: 93c5844668acb24df54e83131ca364abbe52d375
  actito_flutter: 48e196bcbf98432b4b9ff582aefc9e14a1c86db0
  actito_push: e0668fe4bb4c0de71adf01014c699ed042a87343
  actito_push_ui: 66a9c4d2664867720faca6b281f607f111603739
  actito_user_inbox: 24c77a05494d1790d0cb517f4fb623f0e2f4bdd4
  Auth0: 28cb24cb19ebd51f0b07751f16d83b59f4019532
  auth0_flutter: 7b99a56cc3aef5ca4e0a2a6f1f4e6c4e105dcc2d
  Flutter: e0871f40cf51350855a761d2e70bf5af5b9b5de7
  JWTDecode: 3eaab1e06b6f4dcbdd6716aff09ba4c2104ca8b7
  permission_handler_apple: 4ed2196e43d0651e8ff7ca3483a069d469701f2d
  SimpleKeychain: f8707c8e97b38c6a6e687b17732afc9bcef06439

PODFILE CHECKSUM: b6db4d3df2037d21bf8211627c13b539ca5947d7

COCOAPODS: 1.16.2
