{
  "pins" : [
    {
      "identity" : "actito-sdk-ios",
      "kind" : "remoteSourceControl",
      "location" : "https://github.com/Actito/actito-sdk-ios.git",
      "state" : {
        "revision" : "383c3c31a534a2d8f2db79b08779e285049462d0",
        "version" : "5.2.0"
      }
    }
  ],
  "version" : 2
}
