{
  "pins" : [
    {
      "identity" : "actito-sdk-ios-in-house-releases",
      "kind" : "remoteSourceControl",
      "location" : "https://github.com/actito/actito-sdk-ios-in-house-releases",
      "state" : {
        "revision" : "ee54771c6313b18d5008466525b108b7bd61342a",
        "version" : "5.0.0-canary.4"
      }
    }
  ],
  "version" : 2
}
